
Microsoft Visual Studio Solution File, Format Version 12.00
# Visual Studio Version 17
VisualStudioVersion = 17.8.34525.116
MinimumVisualStudioVersion = 10.0.40219.1
Project("{8BC9CEB8-8B4A-11D0-8D11-00A0C91BC942}") = "Element in a Linked List of Iterative", "Element in a Linked List of Iterative.vcxproj", "{933B19A0-34CD-4DF9-8968-5C80922BEA28}"
EndProject
Global
	GlobalSection(SolutionConfigurationPlatforms) = preSolution
		Debug|x64 = Debug|x64
		Debug|x86 = Debug|x86
		Release|x64 = Release|x64
		Release|x86 = Release|x86
	EndGlobalSection
	GlobalSection(ProjectConfigurationPlatforms) = postSolution
		{933B19A0-34CD-4DF9-8968-5C80922BEA28}.Debug|x64.ActiveCfg = Debug|x64
		{933B19A0-34CD-4DF9-8968-5C80922BEA28}.Debug|x64.Build.0 = Debug|x64
		{933B19A0-34CD-4DF9-8968-5C80922BEA28}.Debug|x86.ActiveCfg = Debug|Win32
		{933B19A0-34CD-4DF9-8968-5C80922BEA28}.Debug|x86.Build.0 = Debug|Win32
		{933B19A0-34CD-4DF9-8968-5C80922BEA28}.Release|x64.ActiveCfg = Release|x64
		{933B19A0-34CD-4DF9-8968-5C80922BEA28}.Release|x64.Build.0 = Release|x64
		{933B19A0-34CD-4DF9-8968-5C80922BEA28}.Release|x86.ActiveCfg = Release|Win32
		{933B19A0-34CD-4DF9-8968-5C80922BEA28}.Release|x86.Build.0 = Release|Win32
	EndGlobalSection
	GlobalSection(SolutionProperties) = preSolution
		HideSolutionNode = FALSE
	EndGlobalSection
	GlobalSection(ExtensibilityGlobals) = postSolution
		SolutionGuid = {9570D194-443E-4035-A4F2-C64F6B3C9DB5}
	EndGlobalSection
EndGlobal
